
Microsoft Visual Studio Solution File, Format Version 12.00
# Visual Studio Version 17
VisualStudioVersion = 17.11.35327.3
MinimumVisualStudioVersion = 10.0.40219.1
Project("{9A19103F-16F7-4668-BE54-9A1E7A4F7556}") = "CocheraTp", "CocheraTp\CocheraTp.csproj", "{46333C28-2B67-4173-81C4-DE91393ABFCD}"
EndProject
Project("{9A19103F-16F7-4668-BE54-9A1E7A4F7556}") = "ApiCocheras", "ApiCocheras\ApiCocheras.csproj", "{6617BDC2-ECED-496E-BE61-6271C6987FD2}"
EndProject
Global
	GlobalSection(SolutionConfigurationPlatforms) = preSolution
		Debug|Any CPU = Debug|Any CPU
		Release|Any CPU = Release|Any CPU
	EndGlobalSection
	GlobalSection(ProjectConfigurationPlatforms) = postSolution
		{46333C28-2B67-4173-81C4-DE91393ABFCD}.Debug|Any CPU.ActiveCfg = Debug|Any CPU
		{46333C28-2B67-4173-81C4-DE91393ABFCD}.Debug|Any CPU.Build.0 = Debug|Any CPU
		{46333C28-2B67-4173-81C4-DE91393ABFCD}.Release|Any CPU.ActiveCfg = Release|Any CPU
		{46333C28-2B67-4173-81C4-DE91393ABFCD}.Release|Any CPU.Build.0 = Release|Any CPU
		{6617BDC2-ECED-496E-BE61-6271C6987FD2}.Debug|Any CPU.ActiveCfg = Debug|Any CPU
		{6617BDC2-ECED-496E-BE61-6271C6987FD2}.Debug|Any CPU.Build.0 = Debug|Any CPU
		{6617BDC2-ECED-496E-BE61-6271C6987FD2}.Release|Any CPU.ActiveCfg = Release|Any CPU
		{6617BDC2-ECED-496E-BE61-6271C6987FD2}.Release|Any CPU.Build.0 = Release|Any CPU
	EndGlobalSection
	GlobalSection(SolutionProperties) = preSolution
		HideSolutionNode = FALSE
	EndGlobalSection
	GlobalSection(ExtensibilityGlobals) = postSolution
		SolutionGuid = {5770F30E-6118-49B4-B357-3EB811F7360E}
	EndGlobalSection
EndGlobal
